
Microsoft Visual Studio Solution File, Format Version 12.00
# Visual Studio Version 16
VisualStudioVersion = 16.0.30011.22
MinimumVisualStudioVersion = 10.0.40219.1
Project("{FAE04EC0-301F-11D3-BF4B-00C04F79EFBC}") = "NumerologicalSystemCalculator", "Abjad Calculator\NumerologicalSystemCalculator.csproj", "{94B7D361-2A56-43B9-BFCA-9FA3F541CAFC}"
EndProject
Global
	GlobalSection(SolutionConfigurationPlatforms) = preSolution
		Debug|Any CPU = Debug|Any CPU
		Release|Any CPU = Release|Any CPU
	EndGlobalSection
	GlobalSection(ProjectConfigurationPlatforms) = postSolution
		{94B7D361-2A56-43B9-BFCA-9FA3F541CAFC}.Debug|Any CPU.ActiveCfg = Debug|Any CPU
		{94B7D361-2A56-43B9-BFCA-9FA3F541CAFC}.Debug|Any CPU.Build.0 = Debug|Any CPU
		{94B7D361-2A56-43B9-BFCA-9FA3F541CAFC}.Release|Any CPU.ActiveCfg = Release|Any CPU
		{94B7D361-2A56-43B9-BFCA-9FA3F541CAFC}.Release|Any CPU.Build.0 = Release|Any CPU
	EndGlobalSection
	GlobalSection(SolutionProperties) = preSolution
		HideSolutionNode = FALSE
	EndGlobalSection
	GlobalSection(ExtensibilityGlobals) = postSolution
		SolutionGuid = {1FDCEC20-4173-4EBC-B68E-2012134A9159}
	EndGlobalSection
EndGlobal
